github.com/luxfi/bft v0.1.0 h1:7PuGqoDSFTVwxT3MF0VU+c/QeC/HVerKJtpNL+4Bp0M=
github.com/luxfi/bft v0.1.0/go.mod h1:IUT167Erk2h8z36197Yrmu/3CBIsZku5WlEG8O2NMp4=
github.com/luxfi/crypto v0.1.1 h1:QYIdDesnec2ZrhfjSQU0XqbY3cmKrbilaOUcx2bVfzA=
github.com/luxfi/crypto v0.1.1/go.mod h1:b6I3fHol1U5GfU0gnBR6PkPLMzkUXmk+elOM3UY/Y/g=
github.com/luxfi/database v0.1.1 h1:Q4f45Schxzm/Yxg5uLFvkXFA1W1mwHY20/ezBNaLG8I=
github.com/luxfi/database v0.1.1/go.mod h1:/dUq+IYFvgFitQEXr4zj/9jJ0cjT/bf5558pB1rKpX8=
github.com/luxfi/geth v1.16.2 h1:XdwE12vx5FViNQSA6LZDbYcAN3fLMyc/dy/zKr4rfm4=
github.com/luxfi/geth v1.16.2/go.mod h1:oO6fREzo9o2clddJtgYkIN3pm/lngF9ayxDiXpIe6YA=
github.com/luxfi/geth v1.16.6 h1:3zJb3vaEIFrPfjyu1oP5rlgNuMI/dzJbeUR/VIvKnLE=
github.com/luxfi/geth v1.16.6/go.mod h1:UjfTCi+wUv4Bbg6zBdLUtqJ+3YVSdvLQSayiaKHVTXs=
github.com/luxfi/ids v0.1.0 h1:Gu/4nw3BEMFFXwokj3QpS+MWoM4wnmUD66jPxVOqxsA=
github.com/luxfi/ids v0.1.0/go.mod h1:IWuQ/699nCIHdZW9Mhz7voL7vqKMLvizoL5zmLpDUgM=
